
Microsoft Visual Studio Solution File, Format Version 12.00
# Visual Studio Version 17
VisualStudioVersion = 17.9.34728.123
MinimumVisualStudioVersion = 10.0.40219.1
Project("{2150E333-8FDC-42A3-9474-1A3956D46DE8}") = "src", "src", "{3DA3AAAC-BAF8-4D37-9537-4191BC0C6C8F}"
EndProject
Project("{2150E333-8FDC-42A3-9474-1A3956D46DE8}") = "API", "API", "{0FB75AFA-8CA2-4142-A31D-CA1E05858300}"
EndProject
Project("{2150E333-8FDC-42A3-9474-1A3956D46DE8}") = "Common", "Common", "{395102C0-7E47-4C8C-8DE3-539E28A6FFBE}"
EndProject
Project("{2150E333-8FDC-42A3-9474-1A3956D46DE8}") = "Infrastructure", "Infrastructure", "{644E60CC-062F-482E-9AB3-FE213E74A4C8}"
EndProject
Project("{2150E333-8FDC-42A3-9474-1A3956D46DE8}") = "Core", "Core", "{376AD4FC-81B2-4E12-B593-4137D5C92420}"
EndProject
Global
	GlobalSection(SolutionProperties) = preSolution
		HideSolutionNode = FALSE
	EndGlobalSection
	GlobalSection(NestedProjects) = preSolution
		{0FB75AFA-8CA2-4142-A31D-CA1E05858300} = {3DA3AAAC-BAF8-4D37-9537-4191BC0C6C8F}
		{395102C0-7E47-4C8C-8DE3-539E28A6FFBE} = {3DA3AAAC-BAF8-4D37-9537-4191BC0C6C8F}
		{644E60CC-062F-482E-9AB3-FE213E74A4C8} = {3DA3AAAC-BAF8-4D37-9537-4191BC0C6C8F}
		{376AD4FC-81B2-4E12-B593-4137D5C92420} = {3DA3AAAC-BAF8-4D37-9537-4191BC0C6C8F}
	EndGlobalSection
	GlobalSection(ExtensibilityGlobals) = postSolution
		SolutionGuid = {76A5A5A7-46C0-4CE0-9E1D-873B53A7B01A}
	EndGlobalSection
EndGlobal
